
Microsoft Visual Studio Solution File, Format Version 12.00
# Visual Studio Version 16
VisualStudioVersion = 16.0.29728.190
MinimumVisualStudioVersion = 10.0.40219.1
Project("{FAE04EC0-301F-11D3-BF4B-00C04F79EFBC}") = "DailyPlanner.BL", "DailyPlanner.BL\DailyPlanner.BL.csproj", "{B1AFFCB3-B01A-467D-BD82-E7A2801B12E0}"
EndProject
Project("{FAE04EC0-301F-11D3-BF4B-00C04F79EFBC}") = "DailyPlanner.CMD", "DailyPlanner.CMD\DailyPlanner.CMD.csproj", "{CE285655-5C13-496F-AC0E-E01DE8F161D0}"
EndProject
Global
	GlobalSection(SolutionConfigurationPlatforms) = preSolution
		Debug|Any CPU = Debug|Any CPU
		Release|Any CPU = Release|Any CPU
	EndGlobalSection
	GlobalSection(ProjectConfigurationPlatforms) = postSolution
		{B1AFFCB3-B01A-467D-BD82-E7A2801B12E0}.Debug|Any CPU.ActiveCfg = Debug|Any CPU
		{B1AFFCB3-B01A-467D-BD82-E7A2801B12E0}.Debug|Any CPU.Build.0 = Debug|Any CPU
		{B1AFFCB3-B01A-467D-BD82-E7A2801B12E0}.Release|Any CPU.ActiveCfg = Release|Any CPU
		{B1AFFCB3-B01A-467D-BD82-E7A2801B12E0}.Release|Any CPU.Build.0 = Release|Any CPU
		{CE285655-5C13-496F-AC0E-E01DE8F161D0}.Debug|Any CPU.ActiveCfg = Debug|Any CPU
		{CE285655-5C13-496F-AC0E-E01DE8F161D0}.Debug|Any CPU.Build.0 = Debug|Any CPU
		{CE285655-5C13-496F-AC0E-E01DE8F161D0}.Release|Any CPU.ActiveCfg = Release|Any CPU
		{CE285655-5C13-496F-AC0E-E01DE8F161D0}.Release|Any CPU.Build.0 = Release|Any CPU
	EndGlobalSection
	GlobalSection(SolutionProperties) = preSolution
		HideSolutionNode = FALSE
	EndGlobalSection
	GlobalSection(ExtensibilityGlobals) = postSolution
		SolutionGuid = {980F4BAC-35B3-4C48-AB73-1CC7453BFA84}
	EndGlobalSection
EndGlobal
